
Microsoft Visual Studio Solution File, Format Version 12.00
# Visual Studio 15
VisualStudioVersion = 15.0.28307.1259
MinimumVisualStudioVersion = 10.0.40219.1
Project("{FAE04EC0-301F-11D3-BF4B-00C04F79EFBC}") = "TechProject3a", "TechProject3a\TechProject3a.csproj", "{D1E89F14-E75C-4DE1-B684-89F122445A75}"
EndProject
Global
	GlobalSection(SolutionConfigurationPlatforms) = preSolution
		Debug|Any CPU = Debug|Any CPU
		Release|Any CPU = Release|Any CPU
	EndGlobalSection
	GlobalSection(ProjectConfigurationPlatforms) = postSolution
		{D1E89F14-E75C-4DE1-B684-89F122445A75}.Debug|Any CPU.ActiveCfg = Debug|Any CPU
		{D1E89F14-E75C-4DE1-B684-89F122445A75}.Debug|Any CPU.Build.0 = Debug|Any CPU
		{D1E89F14-E75C-4DE1-B684-89F122445A75}.Release|Any CPU.ActiveCfg = Release|Any CPU
		{D1E89F14-E75C-4DE1-B684-89F122445A75}.Release|Any CPU.Build.0 = Release|Any CPU
	EndGlobalSection
	GlobalSection(SolutionProperties) = preSolution
		HideSolutionNode = FALSE
	EndGlobalSection
	GlobalSection(ExtensibilityGlobals) = postSolution
		SolutionGuid = {29EA8E6C-0D65-4820-B05B-C4333E36B34E}
	EndGlobalSection
EndGlobal
